
Microsoft Visual Studio Solution File, Format Version 12.00
# Visual Studio 15
VisualStudioVersion = 15.0.28307.1082
MinimumVisualStudioVersion = 10.0.40219.1
Project("{FAE04EC0-301F-11D3-BF4B-00C04F79EFBC}") = "OrderManager.DomainModel", "OrderManager.DomainModel\OrderManager.DomainModel.csproj", "{6243274E-2442-4D7B-BAFF-B19A7B68D9B0}"
EndProject
Global
	GlobalSection(SolutionConfigurationPlatforms) = preSolution
		Debug|Any CPU = Debug|Any CPU
		Release|Any CPU = Release|Any CPU
	EndGlobalSection
	GlobalSection(ProjectConfigurationPlatforms) = postSolution
		{6243274E-2442-4D7B-BAFF-B19A7B68D9B0}.Debug|Any CPU.ActiveCfg = Debug|Any CPU
		{6243274E-2442-4D7B-BAFF-B19A7B68D9B0}.Debug|Any CPU.Build.0 = Debug|Any CPU
		{6243274E-2442-4D7B-BAFF-B19A7B68D9B0}.Release|Any CPU.ActiveCfg = Release|Any CPU
		{6243274E-2442-4D7B-BAFF-B19A7B68D9B0}.Release|Any CPU.Build.0 = Release|Any CPU
	EndGlobalSection
	GlobalSection(SolutionProperties) = preSolution
		HideSolutionNode = FALSE
	EndGlobalSection
	GlobalSection(ExtensibilityGlobals) = postSolution
		SolutionGuid = {2BB9C3C3-44D8-4B76-B534-94D6DD418548}
	EndGlobalSection
EndGlobal
